
Microsoft Visual Studio Solution File, Format Version 12.00
# Visual Studio Version 16
VisualStudioVersion = 16.6.30114.105
MinimumVisualStudioVersion = 10.0.40219.1
Project("{FAE04EC0-301F-11D3-BF4B-00C04F79EFBC}") = "codigo.produccion", "codigo.produccion\codigo.produccion.csproj", "{2D770D73-E61D-4E3F-ABF7-E2AA8799B286}"
EndProject
Project("{FAE04EC0-301F-11D3-BF4B-00C04F79EFBC}") = "codigo.test", "codigo.test\codigo.test.csproj", "{840AFDE9-026E-442B-8B18-EE55B3428BD4}"
EndProject
Project("{FAE04EC0-301F-11D3-BF4B-00C04F79EFBC}") = "codigo.console", "codigo.console\codigo.console.csproj", "{F499360E-9748-4ED6-ACEB-63EE3EFA3180}"
EndProject
Global
	GlobalSection(SolutionConfigurationPlatforms) = preSolution
		Debug|Any CPU = Debug|Any CPU
		Debug|x64 = Debug|x64
		Debug|x86 = Debug|x86
		Release|Any CPU = Release|Any CPU
		Release|x64 = Release|x64
		Release|x86 = Release|x86
	EndGlobalSection
	GlobalSection(SolutionProperties) = preSolution
		HideSolutionNode = FALSE
	EndGlobalSection
	GlobalSection(ProjectConfigurationPlatforms) = postSolution
		{2D770D73-E61D-4E3F-ABF7-E2AA8799B286}.Debug|Any CPU.ActiveCfg = Debug|Any CPU
		{2D770D73-E61D-4E3F-ABF7-E2AA8799B286}.Debug|Any CPU.Build.0 = Debug|Any CPU
		{2D770D73-E61D-4E3F-ABF7-E2AA8799B286}.Debug|x64.ActiveCfg = Debug|Any CPU
		{2D770D73-E61D-4E3F-ABF7-E2AA8799B286}.Debug|x64.Build.0 = Debug|Any CPU
		{2D770D73-E61D-4E3F-ABF7-E2AA8799B286}.Debug|x86.ActiveCfg = Debug|Any CPU
		{2D770D73-E61D-4E3F-ABF7-E2AA8799B286}.Debug|x86.Build.0 = Debug|Any CPU
		{2D770D73-E61D-4E3F-ABF7-E2AA8799B286}.Release|Any CPU.ActiveCfg = Release|Any CPU
		{2D770D73-E61D-4E3F-ABF7-E2AA8799B286}.Release|Any CPU.Build.0 = Release|Any CPU
		{2D770D73-E61D-4E3F-ABF7-E2AA8799B286}.Release|x64.ActiveCfg = Release|Any CPU
		{2D770D73-E61D-4E3F-ABF7-E2AA8799B286}.Release|x64.Build.0 = Release|Any CPU
		{2D770D73-E61D-4E3F-ABF7-E2AA8799B286}.Release|x86.ActiveCfg = Release|Any CPU
		{2D770D73-E61D-4E3F-ABF7-E2AA8799B286}.Release|x86.Build.0 = Release|Any CPU
		{840AFDE9-026E-442B-8B18-EE55B3428BD4}.Debug|Any CPU.ActiveCfg = Debug|Any CPU
		{840AFDE9-026E-442B-8B18-EE55B3428BD4}.Debug|Any CPU.Build.0 = Debug|Any CPU
		{840AFDE9-026E-442B-8B18-EE55B3428BD4}.Debug|x64.ActiveCfg = Debug|Any CPU
		{840AFDE9-026E-442B-8B18-EE55B3428BD4}.Debug|x64.Build.0 = Debug|Any CPU
		{840AFDE9-026E-442B-8B18-EE55B3428BD4}.Debug|x86.ActiveCfg = Debug|Any CPU
		{840AFDE9-026E-442B-8B18-EE55B3428BD4}.Debug|x86.Build.0 = Debug|Any CPU
		{840AFDE9-026E-442B-8B18-EE55B3428BD4}.Release|Any CPU.ActiveCfg = Release|Any CPU
		{840AFDE9-026E-442B-8B18-EE55B3428BD4}.Release|Any CPU.Build.0 = Release|Any CPU
		{840AFDE9-026E-442B-8B18-EE55B3428BD4}.Release|x64.ActiveCfg = Release|Any CPU
		{840AFDE9-026E-442B-8B18-EE55B3428BD4}.Release|x64.Build.0 = Release|Any CPU
		{840AFDE9-026E-442B-8B18-EE55B3428BD4}.Release|x86.ActiveCfg = Release|Any CPU
		{840AFDE9-026E-442B-8B18-EE55B3428BD4}.Release|x86.Build.0 = Release|Any CPU
		{F499360E-9748-4ED6-ACEB-63EE3EFA3180}.Debug|Any CPU.ActiveCfg = Debug|Any CPU
		{F499360E-9748-4ED6-ACEB-63EE3EFA3180}.Debug|Any CPU.Build.0 = Debug|Any CPU
		{F499360E-9748-4ED6-ACEB-63EE3EFA3180}.Debug|x64.ActiveCfg = Debug|Any CPU
		{F499360E-9748-4ED6-ACEB-63EE3EFA3180}.Debug|x64.Build.0 = Debug|Any CPU
		{F499360E-9748-4ED6-ACEB-63EE3EFA3180}.Debug|x86.ActiveCfg = Debug|Any CPU
		{F499360E-9748-4ED6-ACEB-63EE3EFA3180}.Debug|x86.Build.0 = Debug|Any CPU
		{F499360E-9748-4ED6-ACEB-63EE3EFA3180}.Release|Any CPU.ActiveCfg = Release|Any CPU
		{F499360E-9748-4ED6-ACEB-63EE3EFA3180}.Release|Any CPU.Build.0 = Release|Any CPU
		{F499360E-9748-4ED6-ACEB-63EE3EFA3180}.Release|x64.ActiveCfg = Release|Any CPU
		{F499360E-9748-4ED6-ACEB-63EE3EFA3180}.Release|x64.Build.0 = Release|Any CPU
		{F499360E-9748-4ED6-ACEB-63EE3EFA3180}.Release|x86.ActiveCfg = Release|Any CPU
		{F499360E-9748-4ED6-ACEB-63EE3EFA3180}.Release|x86.Build.0 = Release|Any CPU
	EndGlobalSection
EndGlobal
